{
    "name": "node-red-project",
    "version": "0.0.1",
    "lockfileVersion": 1,
    "requires": true,
    "dependencies": {
        "lodash": {
            "version": "4.17.20",
            "resolved": "https://registry.npmjs.org/lodash/-/lodash-4.17.20.tgz",
            "integrity": "sha512-PlhdFcillOINfeV7Ni6oF1TAEayyZBoZ8bcshTHqOYJYlrqzRK5hagpagky5o4HfCzzd1TRkXPMFq6cKk9rGmA=="
        },
        "moment": {
            "version": "2.29.1",
            "resolved": "https://registry.npmjs.org/moment/-/moment-2.29.1.tgz",
            "integrity": "sha512-kHmoybcPV8Sqy59DwNDY3Jefr64lK/by/da0ViFcuA4DH0vQg5Q6Ze5VimxkfQNSC+Mls/Kx53s7TjP1RhFEDQ=="
        },
        "node-red-contrib-schedex": {
            "version": "1.10.2",
            "resolved": "https://registry.npmjs.org/node-red-contrib-schedex/-/node-red-contrib-schedex-1.10.2.tgz",
            "integrity": "sha512-sKbwxaUR7Gt4YSfUVm1F3N5GYO5MjPMt61qjCu85mB1+Ad5EJZNuZudVGgx8+S2LiSqxCtFBtmA4nytbJm5Fsw==",
            "requires": {
                "lodash": "^4.17.15",
                "moment": "^2.24.0",
                "suncalc2": "^1.8.1"
            }
        },
        "suncalc2": {
            "version": "1.8.1",
            "resolved": "https://registry.npmjs.org/suncalc2/-/suncalc2-1.8.1.tgz",
            "integrity": "sha512-tNoAni1LqWzBzJRX3NRCsD50gVsuejH1jd9Y+XyKO3WkpPIU+QNyWF4Zf2JnUQKW2LKLWIBgVDQCrgsQwqs0tA=="
        }
    }
}
